{
  "version": 4,
  "terraform_version": "1.5.7",
  "serial": 25,
  "lineage": "282b9631-22e2-46a3-fbfa-d9b9d134c335",
  "outputs": {
    "gke_cluster_endpoint": {
      "value": "34.67.104.136",
      "type": "string"
    },
    "gke_cluster_name": {
      "value": "alfavox-cluster",
      "type": "string"
    },
    "gke_cluster_region": {
      "value": "us-central1-a",
      "type": "string"
    }
  },
  "resources": [
    {
      "mode": "managed",
      "type": "google_container_cluster",
      "name": "alfavox_cluster",
      "provider": "provider[\"registry.terraform.io/hashicorp/google\"]",
      "instances": [
        {
          "schema_version": 1,
          "attributes": {
            "addons_config": [
              {
                "cloudrun_config": [],
                "config_connector_config": [],
                "dns_cache_config": [],
                "gce_persistent_disk_csi_driver_config": [
                  {
                    "enabled": true
                  }
                ],
                "gcp_filestore_csi_driver_config": [],
                "gcs_fuse_csi_driver_config": [],
                "gke_backup_agent_config": [],
                "horizontal_pod_autoscaling": [],
                "http_load_balancing": [],
                "network_policy_config": [
                  {
                    "disabled": true
                  }
                ]
              }
            ],
            "allow_net_admin": null,
            "authenticator_groups_config": [],
            "binary_authorization": [
              {
                "enabled": false,
                "evaluation_mode": ""
              }
            ],
            "cluster_autoscaling": [
              {
                "auto_provisioning_defaults": [],
                "enabled": false,
                "resource_limits": []
              }
            ],
            "cluster_ipv4_cidr": "10.40.0.0/14",
            "confidential_nodes": [],
            "cost_management_config": [],
            "database_encryption": [
              {
                "key_name": "",
                "state": "DECRYPTED"
              }
            ],
            "datapath_provider": "",
            "default_max_pods_per_node": null,
            "default_snat_status": [
              {
                "disabled": false
              }
            ],
            "description": "",
            "dns_config": [],
            "enable_autopilot": false,
            "enable_binary_authorization": false,
            "enable_intranode_visibility": false,
            "enable_k8s_beta_apis": [],
            "enable_kubernetes_alpha": false,
            "enable_l4_ilb_subsetting": false,
            "enable_legacy_abac": false,
            "enable_shielded_nodes": true,
            "enable_tpu": false,
            "endpoint": "34.67.104.136",
            "gateway_api_config": [],
            "id": "projects/alfa-vox-portfolio/locations/us-central1-a/clusters/alfavox-cluster",
            "initial_node_count": 1,
            "ip_allocation_policy": [],
            "label_fingerprint": "a9dc16a7",
            "location": "us-central1-a",
            "logging_config": [
              {
                "enable_components": [
                  "SYSTEM_COMPONENTS",
                  "WORKLOADS"
                ]
              }
            ],
            "logging_service": "logging.googleapis.com/kubernetes",
            "maintenance_policy": [],
            "master_auth": [
              {
                "client_certificate": "",
                "client_certificate_config": [
                  {
                    "issue_client_certificate": false
                  }
                ],
                "client_key": "",
                "cluster_ca_certificate": "LS0tLS1CRUdJTiBDRVJUSUZJQ0FURS0tLS0tCk1JSUVMVENDQXBXZ0F3SUJBZ0lSQUl5d1c1UGlpd1haclIrS29aQzROdkl3RFFZSktvWklodmNOQVFFTEJRQXcKTHpFdE1Dc0dBMVVFQXhNa016UXlPV00xTXprdE5qWmtNaTAwWVdNNUxUa3dNRFF0WVdOak9EazBPRFF4Wm1RMApNQ0FYRFRJMU1UQXlOakV4TVRjeE1Wb1lEekl3TlRVeE1ERTVNVEl4TnpFeFdqQXZNUzB3S3dZRFZRUURFeVF6Ck5ESTVZelV6T1MwMk5tUXlMVFJoWXprdE9UQXdOQzFoWTJNNE9UUTROREZtWkRRd2dnR2lNQTBHQ1NxR1NJYjMKRFFFQkFRVUFBNElCandBd2dnR0tBb0lCZ1FDTFlBTlBDV2tFQnNNYkg1U1hqY0JndlcwQTFLR2UwWnNnaU9wTgpIME5xcGVHS0hvMlJaNzhwOVB5STR2Y2pGZTRQRm1wZkpUYmVoRU9QTlpJTzNvVG8rWGJDdzhnamNMbGNFb2lJCnpMK0dZSkNObHBqZVRlcXhLMmhSZm4yaS9ZVC82cFdyZklMczl0MGZkMEZ6bjBjL2RERTFMaEtWQk9IMm01aksKMUVoeW12SUZHUGVna09rUHJUN1lhWDgzaG5HWHNsWDMzdmVPeUtaYVJyelRiUnJmVnVzUGxzUGppN01USXhQbAowbCtHTWR0b0xXRWp2dVEwNFdXeERSYXJqSmtpc1F2RWsvWTRQc05DQXVta0lsUXdqd2lNbFZjd0c2U2JZUkFwCm1TcGNxdGlvMjlxOEE4dUdHSmRkUUREZW00MzJYV25UMUpJdkcwMmlVSUJmQlo5NGpmRkU0MFhwR0M4SW0wMEcKWDdydHd5MDZuZlQ1TStqbDZDZzJ3VERPQVltMjFUYXpjZHVHa3pFU3NUK1lsc2JNZWdPd3pUamF4UXJSWDdDbApvYzRpcG1zdjUwc0pwNWVRTUVaeVZJU2FjdEgydGkzVUIraThzWHZ1VDlPNmh4SklnUnVtTU1DMGh1ZStTYVVOCkNob0k4VUJHNzRWTVlmbnpMMkI3Q2RxK1hBMENBd0VBQWFOQ01FQXdEZ1lEVlIwUEFRSC9CQVFEQWdJRU1BOEcKQTFVZEV3RUIvd1FGTUFNQkFmOHdIUVlEVlIwT0JCWUVGUGE0bFUyUTRnRzF6QUkxLzlyUERjeHhNbEhuTUEwRwpDU3FHU0liM0RRRUJDd1VBQTRJQmdRQWZabEMvTG5QR1pYR0pTdHBSMk9iTW83ZVdmQUgxWFplV052MkF6czQrCmlENEdoc0ZVUWJOMWNvbTF5QmM0YjJVV1dGQVMrR3dCSFMxWW1RWUdHR0F1R01EbVNQd1RjZ0ROT1FydlIrRSsKYmYxUHFhMGo2UTNCVTJPenBqVnFydVZJQUQ2V3MrUjgvaWNQMVNhUUJXLzRvOTJSUmtGTDhTWG85SDNKWDI2UQpyejJvUit0djVDYkpjVWlvN3ZlNm52RUo2QlhXSlp6bUJtaWcxdlVhYituVi9QWHFFYWlielQ4M091bHlNTDdmCkdTS2JqOG1HNzMwRWdhWkttVFhoRTJvRDZVMy9XZXpOVEZmUDdDQjQwUnZZN3dQNFJZTFFlL1ZJZzYrV0xhYjMKYnVLNFRtOGQ0WlhkbHdmZDg0WXlpN3NxcEtDVmZiSFp2NHMwS3ZyaTBFSVFPYVFsTGpIclJuYUoxbUtDU3BlSQozMXZEUEloVUdoV1NFT2VLU3Q4SVU3MlpsTEw3aGwySENHUHc0TmYrWmpJT2R0b0ZVdXNtRHVOcFdSQmZNbVFrCkExcittSFZXeUcvRmRVZ3dFc1dVc3FoUU03aVFiZFY4RDMrRGtkTnBFZ0pnaXBiazhFT1BZUUFwdEk2b3luQysKWktORldYMlBjek1hbWozWTk5VVpjZFE9Ci0tLS0tRU5EIENFUlRJRklDQVRFLS0tLS0K"
              }
            ],
            "master_authorized_networks_config": [],
            "master_version": "1.33.5-gke.1080000",
            "mesh_certificates": [],
            "min_master_version": null,
            "monitoring_config": [
              {
                "advanced_datapath_observability_config": [
                  {
                    "enable_metrics": false,
                    "relay_mode": ""
                  }
                ],
                "enable_components": [
                  "SYSTEM_COMPONENTS",
                  "HPA",
                  "POD",
                  "DAEMONSET",
                  "DEPLOYMENT",
                  "STATEFULSET",
                  "JOBSET",
                  "STORAGE",
                  "CADVISOR",
                  "KUBELET",
                  "DCGM"
                ],
                "managed_prometheus": [
                  {
                    "enabled": true
                  }
                ]
              }
            ],
            "monitoring_service": "monitoring.googleapis.com/kubernetes",
            "name": "alfavox-cluster",
            "network": "projects/alfa-vox-portfolio/global/networks/default",
            "network_policy": [
              {
                "enabled": false,
                "provider": "PROVIDER_UNSPECIFIED"
              }
            ],
            "networking_mode": "ROUTES",
            "node_config": [
              {
                "advanced_machine_features": [],
                "boot_disk_kms_key": "",
                "confidential_nodes": [],
                "disk_size_gb": 20,
                "disk_type": "pd-balanced",
                "ephemeral_storage_local_ssd_config": [],
                "fast_socket": [],
                "gcfs_config": [],
                "guest_accelerator": [],
                "gvnic": [],
                "host_maintenance_policy": [],
                "image_type": "COS_CONTAINERD",
                "kubelet_config": [
                  {
                    "cpu_cfs_quota": false,
                    "cpu_cfs_quota_period": "",
                    "cpu_manager_policy": "",
                    "pod_pids_limit": 0
                  }
                ],
                "labels": {},
                "linux_node_config": [],
                "local_nvme_ssd_block_config": [],
                "local_ssd_count": 0,
                "logging_variant": "DEFAULT",
                "machine_type": "e2-micro",
                "metadata": {
                  "disable-legacy-endpoints": "true"
                },
                "min_cpu_platform": "",
                "node_group": "",
                "oauth_scopes": [
                  "https://www.googleapis.com/auth/devstorage.read_only",
                  "https://www.googleapis.com/auth/logging.write",
                  "https://www.googleapis.com/auth/monitoring"
                ],
                "preemptible": false,
                "reservation_affinity": [],
                "resource_labels": {
                  "goog-gke-node-pool-provisioning-model": "on-demand"
                },
                "service_account": "default",
                "shielded_instance_config": [
                  {
                    "enable_integrity_monitoring": true,
                    "enable_secure_boot": false
                  }
                ],
                "sole_tenant_config": [],
                "spot": false,
                "tags": null,
                "taint": [],
                "workload_metadata_config": []
              }
            ],
            "node_locations": [],
            "node_pool": [
              {
                "autoscaling": [],
                "initial_node_count": 1,
                "instance_group_urls": [
                  "https://www.googleapis.com/compute/v1/projects/alfa-vox-portfolio/zones/us-central1-a/instanceGroupManagers/gke-alfavox-cluster-default-pool-61aa6192-grp"
                ],
                "managed_instance_group_urls": [
                  "https://www.googleapis.com/compute/v1/projects/alfa-vox-portfolio/zones/us-central1-a/instanceGroups/gke-alfavox-cluster-default-pool-61aa6192-grp"
                ],
                "management": [
                  {
                    "auto_repair": true,
                    "auto_upgrade": true
                  }
                ],
                "max_pods_per_node": 0,
                "name": "default-pool",
                "name_prefix": "",
                "network_config": [],
                "node_config": [
                  {
                    "advanced_machine_features": [],
                    "boot_disk_kms_key": "",
                    "confidential_nodes": [],
                    "disk_size_gb": 20,
                    "disk_type": "pd-balanced",
                    "ephemeral_storage_local_ssd_config": [],
                    "fast_socket": [],
                    "gcfs_config": [],
                    "guest_accelerator": [],
                    "gvnic": [],
                    "host_maintenance_policy": [],
                    "image_type": "COS_CONTAINERD",
                    "kubelet_config": [
                      {
                        "cpu_cfs_quota": false,
                        "cpu_cfs_quota_period": "",
                        "cpu_manager_policy": "",
                        "pod_pids_limit": 0
                      }
                    ],
                    "labels": {},
                    "linux_node_config": [],
                    "local_nvme_ssd_block_config": [],
                    "local_ssd_count": 0,
                    "logging_variant": "DEFAULT",
                    "machine_type": "e2-micro",
                    "metadata": {
                      "disable-legacy-endpoints": "true"
                    },
                    "min_cpu_platform": "",
                    "node_group": "",
                    "oauth_scopes": [
                      "https://www.googleapis.com/auth/devstorage.read_only",
                      "https://www.googleapis.com/auth/logging.write",
                      "https://www.googleapis.com/auth/monitoring"
                    ],
                    "preemptible": false,
                    "reservation_affinity": [],
                    "resource_labels": {
                      "goog-gke-node-pool-provisioning-model": "on-demand"
                    },
                    "service_account": "default",
                    "shielded_instance_config": [
                      {
                        "enable_integrity_monitoring": true,
                        "enable_secure_boot": false
                      }
                    ],
                    "sole_tenant_config": [],
                    "spot": false,
                    "tags": [],
                    "taint": [],
                    "workload_metadata_config": []
                  }
                ],
                "node_count": 1,
                "node_locations": [
                  "us-central1-a"
                ],
                "placement_policy": [],
                "upgrade_settings": [
                  {
                    "blue_green_settings": [],
                    "max_surge": 1,
                    "max_unavailable": 0,
                    "strategy": "SURGE"
                  }
                ],
                "version": "1.33.5-gke.1080000"
              }
            ],
            "node_pool_auto_config": [
              {
                "network_tags": null
              }
            ],
            "node_pool_defaults": [
              {
                "node_config_defaults": [
                  {
                    "logging_variant": "DEFAULT"
                  }
                ]
              }
            ],
            "node_version": "1.33.5-gke.1080000",
            "notification_config": [
              {
                "pubsub": [
                  {
                    "enabled": false,
                    "filter": [],
                    "topic": ""
                  }
                ]
              }
            ],
            "operation": null,
            "private_cluster_config": [
              {
                "enable_private_endpoint": false,
                "enable_private_nodes": false,
                "master_global_access_config": [
                  {
                    "enabled": false
                  }
                ],
                "master_ipv4_cidr_block": "",
                "peering_name": "",
                "private_endpoint": "10.128.0.4",
                "private_endpoint_subnetwork": "",
                "public_endpoint": "34.67.104.136"
              }
            ],
            "private_ipv6_google_access": "",
            "project": "alfa-vox-portfolio",
            "release_channel": [
              {
                "channel": "REGULAR"
              }
            ],
            "remove_default_node_pool": false,
            "resource_labels": null,
            "resource_usage_export_config": [],
            "security_posture_config": [
              {
                "mode": "BASIC",
                "vulnerability_mode": "VULNERABILITY_MODE_UNSPECIFIED"
              }
            ],
            "self_link": "https://container.googleapis.com/v1/projects/alfa-vox-portfolio/zones/us-central1-a/clusters/alfavox-cluster",
            "service_external_ips_config": [
              {
                "enabled": false
              }
            ],
            "services_ipv4_cidr": "10.43.240.0/20",
            "subnetwork": "projects/alfa-vox-portfolio/regions/us-central1/subnetworks/default",
            "timeouts": null,
            "tpu_ipv4_cidr_block": "",
            "vertical_pod_autoscaling": [],
            "workload_identity_config": []
          },
          "sensitive_attributes": [],
          "private": "eyJlMmJmYjczMC1lY2FhLTExZTYtOGY4OC0zNDM2M2JjN2M0YzAiOnsiY3JlYXRlIjoyNDAwMDAwMDAwMDAwLCJkZWxldGUiOjI0MDAwMDAwMDAwMDAsInJlYWQiOjI0MDAwMDAwMDAwMDAsInVwZGF0ZSI6MzYwMDAwMDAwMDAwMH0sInNjaGVtYV92ZXJzaW9uIjoiMSJ9"
        }
      ]
    }
  ],
  "check_results": null
}
